
Microsoft Visual Studio Solution File, Format Version 12.00
# Visual Studio Version 16
VisualStudioVersion = 16.0.29418.71
MinimumVisualStudioVersion = 10.0.40219.1
Project("{FAE04EC0-301F-11D3-BF4B-00C04F79EFBC}") = "ReverseWordsApp", "ReverseWordsApp.csproj", "{E428FDB3-9758-48D8-AA3C-76E9A266CE0E}"
EndProject
Project("{FAE04EC0-301F-11D3-BF4B-00C04F79EFBC}") = "ReverseWordsTests", "..\ReverseWordsTests\ReverseWordsTests.csproj", "{0868115E-4292-4F72-AB0A-0D24924FC0C9}"
EndProject
Global
	GlobalSection(SolutionConfigurationPlatforms) = preSolution
		Debug|Any CPU = Debug|Any CPU
		Release|Any CPU = Release|Any CPU
	EndGlobalSection
	GlobalSection(ProjectConfigurationPlatforms) = postSolution
		{E428FDB3-9758-48D8-AA3C-76E9A266CE0E}.Debug|Any CPU.ActiveCfg = Debug|Any CPU
		{E428FDB3-9758-48D8-AA3C-76E9A266CE0E}.Debug|Any CPU.Build.0 = Debug|Any CPU
		{E428FDB3-9758-48D8-AA3C-76E9A266CE0E}.Release|Any CPU.ActiveCfg = Release|Any CPU
		{E428FDB3-9758-48D8-AA3C-76E9A266CE0E}.Release|Any CPU.Build.0 = Release|Any CPU
		{0868115E-4292-4F72-AB0A-0D24924FC0C9}.Debug|Any CPU.ActiveCfg = Debug|Any CPU
		{0868115E-4292-4F72-AB0A-0D24924FC0C9}.Debug|Any CPU.Build.0 = Debug|Any CPU
		{0868115E-4292-4F72-AB0A-0D24924FC0C9}.Release|Any CPU.ActiveCfg = Release|Any CPU
		{0868115E-4292-4F72-AB0A-0D24924FC0C9}.Release|Any CPU.Build.0 = Release|Any CPU
	EndGlobalSection
	GlobalSection(SolutionProperties) = preSolution
		HideSolutionNode = FALSE
	EndGlobalSection
	GlobalSection(ExtensibilityGlobals) = postSolution
		SolutionGuid = {5C77BADB-A9D3-4338-8575-020DFBF7FE5E}
	EndGlobalSection
EndGlobal
